
Microsoft Visual Studio Solution File, Format Version 12.00
# Visual Studio 15
VisualStudioVersion = 15.0.27130.2027
MinimumVisualStudioVersion = 10.0.40219.1
Project("{FAE04EC0-301F-11D3-BF4B-00C04F79EFBC}") = "Interfaces2.Android", "Interfaces2\Interfaces2.Android\Interfaces2.Android.csproj", "{918C29D7-80B2-47C4-B4CE-EFA917DCC1AA}"
EndProject
Project("{FAE04EC0-301F-11D3-BF4B-00C04F79EFBC}") = "Interfaces2.iOS", "Interfaces2\Interfaces2.iOS\Interfaces2.iOS.csproj", "{EF8DC730-73BF-4232-8635-CC9881BCE8B0}"
EndProject
Project("{FAE04EC0-301F-11D3-BF4B-00C04F79EFBC}") = "Interfaces2", "Interfaces2\Interfaces2\Interfaces2.csproj", "{B09E5502-EE95-45E2-8208-733AD43C0A99}"
EndProject
Global
	GlobalSection(SolutionConfigurationPlatforms) = preSolution
		Ad-Hoc|Any CPU = Ad-Hoc|Any CPU
		Ad-Hoc|iPhone = Ad-Hoc|iPhone
		Ad-Hoc|iPhoneSimulator = Ad-Hoc|iPhoneSimulator
		AppStore|Any CPU = AppStore|Any CPU
		AppStore|iPhone = AppStore|iPhone
		AppStore|iPhoneSimulator = AppStore|iPhoneSimulator
		Debug|Any CPU = Debug|Any CPU
		Debug|iPhone = Debug|iPhone
		Debug|iPhoneSimulator = Debug|iPhoneSimulator
		Release|Any CPU = Release|Any CPU
		Release|iPhone = Release|iPhone
		Release|iPhoneSimulator = Release|iPhoneSimulator
	EndGlobalSection
	GlobalSection(ProjectConfigurationPlatforms) = postSolution
		{918C29D7-80B2-47C4-B4CE-EFA917DCC1AA}.Ad-Hoc|Any CPU.ActiveCfg = Release|Any CPU
		{918C29D7-80B2-47C4-B4CE-EFA917DCC1AA}.Ad-Hoc|Any CPU.Build.0 = Release|Any CPU
		{918C29D7-80B2-47C4-B4CE-EFA917DCC1AA}.Ad-Hoc|Any CPU.Deploy.0 = Release|Any CPU
		{918C29D7-80B2-47C4-B4CE-EFA917DCC1AA}.Ad-Hoc|iPhone.ActiveCfg = Release|Any CPU
		{918C29D7-80B2-47C4-B4CE-EFA917DCC1AA}.Ad-Hoc|iPhone.Build.0 = Release|Any CPU
		{918C29D7-80B2-47C4-B4CE-EFA917DCC1AA}.Ad-Hoc|iPhone.Deploy.0 = Release|Any CPU
		{918C29D7-80B2-47C4-B4CE-EFA917DCC1AA}.Ad-Hoc|iPhoneSimulator.ActiveCfg = Release|Any CPU
		{918C29D7-80B2-47C4-B4CE-EFA917DCC1AA}.Ad-Hoc|iPhoneSimulator.Build.0 = Release|Any CPU
		{918C29D7-80B2-47C4-B4CE-EFA917DCC1AA}.Ad-Hoc|iPhoneSimulator.Deploy.0 = Release|Any CPU
		{918C29D7-80B2-47C4-B4CE-EFA917DCC1AA}.AppStore|Any CPU.ActiveCfg = Release|Any CPU
		{918C29D7-80B2-47C4-B4CE-EFA917DCC1AA}.AppStore|Any CPU.Build.0 = Release|Any CPU
		{918C29D7-80B2-47C4-B4CE-EFA917DCC1AA}.AppStore|Any CPU.Deploy.0 = Release|Any CPU
		{918C29D7-80B2-47C4-B4CE-EFA917DCC1AA}.AppStore|iPhone.ActiveCfg = Release|Any CPU
		{918C29D7-80B2-47C4-B4CE-EFA917DCC1AA}.AppStore|iPhone.Build.0 = Release|Any CPU
		{918C29D7-80B2-47C4-B4CE-EFA917DCC1AA}.AppStore|iPhone.Deploy.0 = Release|Any CPU
		{918C29D7-80B2-47C4-B4CE-EFA917DCC1AA}.AppStore|iPhoneSimulator.ActiveCfg = Release|Any CPU
		{918C29D7-80B2-47C4-B4CE-EFA917DCC1AA}.AppStore|iPhoneSimulator.Build.0 = Release|Any CPU
		{918C29D7-80B2-47C4-B4CE-EFA917DCC1AA}.AppStore|iPhoneSimulator.Deploy.0 = Release|Any CPU
		{918C29D7-80B2-47C4-B4CE-EFA917DCC1AA}.Debug|Any CPU.ActiveCfg = Debug|Any CPU
		{918C29D7-80B2-47C4-B4CE-EFA917DCC1AA}.Debug|Any CPU.Build.0 = Debug|Any CPU
		{918C29D7-80B2-47C4-B4CE-EFA917DCC1AA}.Debug|Any CPU.Deploy.0 = Debug|Any CPU
		{918C29D7-80B2-47C4-B4CE-EFA917DCC1AA}.Debug|iPhone.ActiveCfg = Debug|Any CPU
		{918C29D7-80B2-47C4-B4CE-EFA917DCC1AA}.Debug|iPhone.Build.0 = Debug|Any CPU
		{918C29D7-80B2-47C4-B4CE-EFA917DCC1AA}.Debug|iPhone.Deploy.0 = Debug|Any CPU
		{918C29D7-80B2-47C4-B4CE-EFA917DCC1AA}.Debug|iPhoneSimulator.ActiveCfg = Debug|Any CPU
		{918C29D7-80B2-47C4-B4CE-EFA917DCC1AA}.Debug|iPhoneSimulator.Build.0 = Debug|Any CPU
		{918C29D7-80B2-47C4-B4CE-EFA917DCC1AA}.Debug|iPhoneSimulator.Deploy.0 = Debug|Any CPU
		{918C29D7-80B2-47C4-B4CE-EFA917DCC1AA}.Release|Any CPU.ActiveCfg = Release|Any CPU
		{918C29D7-80B2-47C4-B4CE-EFA917DCC1AA}.Release|Any CPU.Build.0 = Release|Any CPU
		{918C29D7-80B2-47C4-B4CE-EFA917DCC1AA}.Release|Any CPU.Deploy.0 = Release|Any CPU
		{918C29D7-80B2-47C4-B4CE-EFA917DCC1AA}.Release|iPhone.ActiveCfg = Release|Any CPU
		{918C29D7-80B2-47C4-B4CE-EFA917DCC1AA}.Release|iPhone.Build.0 = Release|Any CPU
		{918C29D7-80B2-47C4-B4CE-EFA917DCC1AA}.Release|iPhone.Deploy.0 = Release|Any CPU
		{918C29D7-80B2-47C4-B4CE-EFA917DCC1AA}.Release|iPhoneSimulator.ActiveCfg = Release|Any CPU
		{918C29D7-80B2-47C4-B4CE-EFA917DCC1AA}.Release|iPhoneSimulator.Build.0 = Release|Any CPU
		{918C29D7-80B2-47C4-B4CE-EFA917DCC1AA}.Release|iPhoneSimulator.Deploy.0 = Release|Any CPU
		{EF8DC730-73BF-4232-8635-CC9881BCE8B0}.Ad-Hoc|Any CPU.ActiveCfg = Ad-Hoc|iPhone
		{EF8DC730-73BF-4232-8635-CC9881BCE8B0}.Ad-Hoc|iPhone.ActiveCfg = Ad-Hoc|iPhone
		{EF8DC730-73BF-4232-8635-CC9881BCE8B0}.Ad-Hoc|iPhone.Build.0 = Ad-Hoc|iPhone
		{EF8DC730-73BF-4232-8635-CC9881BCE8B0}.Ad-Hoc|iPhoneSimulator.ActiveCfg = Ad-Hoc|iPhoneSimulator
		{EF8DC730-73BF-4232-8635-CC9881BCE8B0}.Ad-Hoc|iPhoneSimulator.Build.0 = Ad-Hoc|iPhoneSimulator
		{EF8DC730-73BF-4232-8635-CC9881BCE8B0}.AppStore|Any CPU.ActiveCfg = AppStore|iPhone
		{EF8DC730-73BF-4232-8635-CC9881BCE8B0}.AppStore|iPhone.ActiveCfg = AppStore|iPhone
		{EF8DC730-73BF-4232-8635-CC9881BCE8B0}.AppStore|iPhone.Build.0 = AppStore|iPhone
		{EF8DC730-73BF-4232-8635-CC9881BCE8B0}.AppStore|iPhoneSimulator.ActiveCfg = AppStore|iPhoneSimulator
		{EF8DC730-73BF-4232-8635-CC9881BCE8B0}.AppStore|iPhoneSimulator.Build.0 = AppStore|iPhoneSimulator
		{EF8DC730-73BF-4232-8635-CC9881BCE8B0}.Debug|Any CPU.ActiveCfg = Debug|iPhone
		{EF8DC730-73BF-4232-8635-CC9881BCE8B0}.Debug|iPhone.ActiveCfg = Debug|iPhone
		{EF8DC730-73BF-4232-8635-CC9881BCE8B0}.Debug|iPhone.Build.0 = Debug|iPhone
		{EF8DC730-73BF-4232-8635-CC9881BCE8B0}.Debug|iPhoneSimulator.ActiveCfg = Debug|iPhoneSimulator
		{EF8DC730-73BF-4232-8635-CC9881BCE8B0}.Debug|iPhoneSimulator.Build.0 = Debug|iPhoneSimulator
		{EF8DC730-73BF-4232-8635-CC9881BCE8B0}.Release|Any CPU.ActiveCfg = Release|iPhone
		{EF8DC730-73BF-4232-8635-CC9881BCE8B0}.Release|iPhone.ActiveCfg = Release|iPhone
		{EF8DC730-73BF-4232-8635-CC9881BCE8B0}.Release|iPhone.Build.0 = Release|iPhone
		{EF8DC730-73BF-4232-8635-CC9881BCE8B0}.Release|iPhoneSimulator.ActiveCfg = Release|iPhoneSimulator
		{EF8DC730-73BF-4232-8635-CC9881BCE8B0}.Release|iPhoneSimulator.Build.0 = Release|iPhoneSimulator
		{B09E5502-EE95-45E2-8208-733AD43C0A99}.Ad-Hoc|Any CPU.ActiveCfg = Debug|Any CPU
		{B09E5502-EE95-45E2-8208-733AD43C0A99}.Ad-Hoc|Any CPU.Build.0 = Debug|Any CPU
		{B09E5502-EE95-45E2-8208-733AD43C0A99}.Ad-Hoc|iPhone.ActiveCfg = Debug|Any CPU
		{B09E5502-EE95-45E2-8208-733AD43C0A99}.Ad-Hoc|iPhone.Build.0 = Debug|Any CPU
		{B09E5502-EE95-45E2-8208-733AD43C0A99}.Ad-Hoc|iPhoneSimulator.ActiveCfg = Debug|Any CPU
		{B09E5502-EE95-45E2-8208-733AD43C0A99}.Ad-Hoc|iPhoneSimulator.Build.0 = Debug|Any CPU
		{B09E5502-EE95-45E2-8208-733AD43C0A99}.AppStore|Any CPU.ActiveCfg = Debug|Any CPU
		{B09E5502-EE95-45E2-8208-733AD43C0A99}.AppStore|Any CPU.Build.0 = Debug|Any CPU
		{B09E5502-EE95-45E2-8208-733AD43C0A99}.AppStore|iPhone.ActiveCfg = Debug|Any CPU
		{B09E5502-EE95-45E2-8208-733AD43C0A99}.AppStore|iPhone.Build.0 = Debug|Any CPU
		{B09E5502-EE95-45E2-8208-733AD43C0A99}.AppStore|iPhoneSimulator.ActiveCfg = Debug|Any CPU
		{B09E5502-EE95-45E2-8208-733AD43C0A99}.AppStore|iPhoneSimulator.Build.0 = Debug|Any CPU
		{B09E5502-EE95-45E2-8208-733AD43C0A99}.Debug|Any CPU.ActiveCfg = Debug|Any CPU
		{B09E5502-EE95-45E2-8208-733AD43C0A99}.Debug|Any CPU.Build.0 = Debug|Any CPU
		{B09E5502-EE95-45E2-8208-733AD43C0A99}.Debug|iPhone.ActiveCfg = Debug|Any CPU
		{B09E5502-EE95-45E2-8208-733AD43C0A99}.Debug|iPhone.Build.0 = Debug|Any CPU
		{B09E5502-EE95-45E2-8208-733AD43C0A99}.Debug|iPhoneSimulator.ActiveCfg = Debug|Any CPU
		{B09E5502-EE95-45E2-8208-733AD43C0A99}.Debug|iPhoneSimulator.Build.0 = Debug|Any CPU
		{B09E5502-EE95-45E2-8208-733AD43C0A99}.Release|Any CPU.ActiveCfg = Release|Any CPU
		{B09E5502-EE95-45E2-8208-733AD43C0A99}.Release|Any CPU.Build.0 = Release|Any CPU
		{B09E5502-EE95-45E2-8208-733AD43C0A99}.Release|iPhone.ActiveCfg = Release|Any CPU
		{B09E5502-EE95-45E2-8208-733AD43C0A99}.Release|iPhone.Build.0 = Release|Any CPU
		{B09E5502-EE95-45E2-8208-733AD43C0A99}.Release|iPhoneSimulator.ActiveCfg = Release|Any CPU
		{B09E5502-EE95-45E2-8208-733AD43C0A99}.Release|iPhoneSimulator.Build.0 = Release|Any CPU
	EndGlobalSection
	GlobalSection(SolutionProperties) = preSolution
		HideSolutionNode = FALSE
	EndGlobalSection
	GlobalSection(ExtensibilityGlobals) = postSolution
		SolutionGuid = {9DBB9A32-F701-4EF8-A2CC-3D345A3F5DED}
	EndGlobalSection
EndGlobal
